// !$*UTF8*$!
{
	archiveVersion = 1;
	classes = {
	};
	objectVersion = 77;
	objects = {

/* Begin PBXBuildFile section */
		1C2AFA7A2CE6F4AD0085E62B /* FirebaseAnalytics in Frameworks */ = {isa = PBXBuildFile; productRef = 1C2AFA792CE6F4AD0085E62B /* FirebaseAnalytics */; };
		1C2AFA7C2CE6F4AD0085E62B /* FirebaseAnalyticsOnDeviceConversion in Frameworks */ = {isa = PBXBuildFile; productRef = 1C2AFA7B2CE6F4AD0085E62B /* FirebaseAnalyticsOnDeviceConversion */; };
		1C2AFA7E2CE6F4AD0085E62B /* FirebaseAnalyticsWithoutAdIdSupport in Frameworks */ = {isa = PBXBuildFile; productRef = 1C2AFA7D2CE6F4AD0085E62B /* FirebaseAnalyticsWithoutAdIdSupport */; };
		1C2AFA802CE6F4AD0085E62B /* FirebaseAppCheck in Frameworks */ = {isa = PBXBuildFile; productRef = 1C2AFA7F2CE6F4AD0085E62B /* FirebaseAppCheck */; };
		1C2AFA822CE6F4AD0085E62B /* FirebaseAppDistribution-Beta in Frameworks */ = {isa = PBXBuildFile; productRef = 1C2AFA812CE6F4AD0085E62B /* FirebaseAppDistribution-Beta */; };
		1C2AFA842CE6F4AD0085E62B /* FirebaseAuth in Frameworks */ = {isa = PBXBuildFile; productRef = 1C2AFA832CE6F4AD0085E62B /* FirebaseAuth */; };
		1C2AFA862CE6F4AD0085E62B /* FirebaseAuthCombine-Community in Frameworks */ = {isa = PBXBuildFile; productRef = 1C2AFA852CE6F4AD0085E62B /* FirebaseAuthCombine-Community */; };
		1C2AFA882CE6F4AD0085E62B /* FirebaseCore in Frameworks */ = {isa = PBXBuildFile; productRef = 1C2AFA872CE6F4AD0085E62B /* FirebaseCore */; };
		1C2AFA8A2CE6F4AD0085E62B /* FirebaseCrashlytics in Frameworks */ = {isa = PBXBuildFile; productRef = 1C2AFA892CE6F4AD0085E62B /* FirebaseCrashlytics */; };
		1C2AFA8C2CE6F4AD0085E62B /* FirebaseDatabase in Frameworks */ = {isa = PBXBuildFile; productRef = 1C2AFA8B2CE6F4AD0085E62B /* FirebaseDatabase */; };
		1C2AFA8E2CE6F4AD0085E62B /* FirebaseDynamicLinks in Frameworks */ = {isa = PBXBuildFile; productRef = 1C2AFA8D2CE6F4AD0085E62B /* FirebaseDynamicLinks */; };
		1C2AFA902CE6F4AD0085E62B /* FirebaseFirestore in Frameworks */ = {isa = PBXBuildFile; productRef = 1C2AFA8F2CE6F4AD0085E62B /* FirebaseFirestore */; };
		1C2AFA922CE6F4AD0085E62B /* FirebaseFirestoreCombine-Community in Frameworks */ = {isa = PBXBuildFile; productRef = 1C2AFA912CE6F4AD0085E62B /* FirebaseFirestoreCombine-Community */; };
		1C2AFA942CE6F4AD0085E62B /* FirebaseFunctions in Frameworks */ = {isa = PBXBuildFile; productRef = 1C2AFA932CE6F4AD0085E62B /* FirebaseFunctions */; };
		1C2AFA962CE6F4AD0085E62B /* FirebaseFunctionsCombine-Community in Frameworks */ = {isa = PBXBuildFile; productRef = 1C2AFA952CE6F4AD0085E62B /* FirebaseFunctionsCombine-Community */; };
		1C2AFA982CE6F4AD0085E62B /* FirebaseInAppMessaging-Beta in Frameworks */ = {isa = PBXBuildFile; productRef = 1C2AFA972CE6F4AD0085E62B /* FirebaseInAppMessaging-Beta */; };
		1C2AFA9A2CE6F4AD0085E62B /* FirebaseInstallations in Frameworks */ = {isa = PBXBuildFile; productRef = 1C2AFA992CE6F4AD0085E62B /* FirebaseInstallations */; };
/* End PBXBuildFile section */

/* Begin PBXContainerItemProxy section */
		1C0DD0242CC313DE00BE79A3 /* PBXContainerItemProxy */ = {
			isa = PBXContainerItemProxy;
			containerPortal = 1C0DD00B2CC313DC00BE79A3 /* Project object */;
			proxyType = 1;
			remoteGlobalIDString = 1C0DD0122CC313DC00BE79A3;
			remoteInfo = FlatMate;
		};
		1C0DD02E2CC313DE00BE79A3 /* PBXContainerItemProxy */ = {
			isa = PBXContainerItemProxy;
			containerPortal = 1C0DD00B2CC313DC00BE79A3 /* Project object */;
			proxyType = 1;
			remoteGlobalIDString = 1C0DD0122CC313DC00BE79A3;
			remoteInfo = FlatMate;
		};
/* End PBXContainerItemProxy section */

/* Begin PBXFileReference section */
		1C0DD0132CC313DC00BE79A3 /* FlatMate.app */ = {isa = PBXFileReference; explicitFileType = wrapper.application; includeInIndex = 0; path = FlatMate.app; sourceTree = BUILT_PRODUCTS_DIR; };
		1C0DD0232CC313DE00BE79A3 /* FlatMateTests.xctest */ = {isa = PBXFileReference; explicitFileType = wrapper.cfbundle; includeInIndex = 0; path = FlatMateTests.xctest; sourceTree = BUILT_PRODUCTS_DIR; };
		1C0DD02D2CC313DE00BE79A3 /* FlatMateUITests.xctest */ = {isa = PBXFileReference; explicitFileType = wrapper.cfbundle; includeInIndex = 0; path = FlatMateUITests.xctest; sourceTree = BUILT_PRODUCTS_DIR; };
/* End PBXFileReference section */

/* Begin PBXFileSystemSynchronizedBuildFileExceptionSet section */
		1C0DD0962CC31C6600BE79A3 /* Exceptions for "FlatMate" folder in "FlatMate" target */ = {
			isa = PBXFileSystemSynchronizedBuildFileExceptionSet;
			membershipExceptions = (
				Info.plist,
			);
			target = 1C0DD0122CC313DC00BE79A3 /* FlatMate */;
		};
/* End PBXFileSystemSynchronizedBuildFileExceptionSet section */

/* Begin PBXFileSystemSynchronizedRootGroup section */
		1C0DD0152CC313DC00BE79A3 /* FlatMate */ = {
			isa = PBXFileSystemSynchronizedRootGroup;
			exceptions = (
				1C0DD0962CC31C6600BE79A3 /* Exceptions for "FlatMate" folder in "FlatMate" target */,
			);
			path = FlatMate;
			sourceTree = "<group>";
		};
		1C0DD0262CC313DE00BE79A3 /* FlatMateTests */ = {
			isa = PBXFileSystemSynchronizedRootGroup;
			path = FlatMateTests;
			sourceTree = "<group>";
		};
		1C0DD0302CC313DE00BE79A3 /* FlatMateUITests */ = {
			isa = PBXFileSystemSynchronizedRootGroup;
			path = FlatMateUITests;
			sourceTree = "<group>";
		};
/* End PBXFileSystemSynchronizedRootGroup section */

/* Begin PBXFrameworksBuildPhase section */
		1C0DD0102CC313DC00BE79A3 /* Frameworks */ = {
			isa = PBXFrameworksBuildPhase;
			buildActionMask = 2147483647;
			files = (
				1C2AFA922CE6F4AD0085E62B /* FirebaseFirestoreCombine-Community in Frameworks */,
				1C2AFA942CE6F4AD0085E62B /* FirebaseFunctions in Frameworks */,
				1C2AFA8C2CE6F4AD0085E62B /* FirebaseDatabase in Frameworks */,
				1C2AFA8E2CE6F4AD0085E62B /* FirebaseDynamicLinks in Frameworks */,
				1C2AFA802CE6F4AD0085E62B /* FirebaseAppCheck in Frameworks */,
				1C2AFA842CE6F4AD0085E62B /* FirebaseAuth in Frameworks */,
				1C2AFA7A2CE6F4AD0085E62B /* FirebaseAnalytics in Frameworks */,
				1C2AFA902CE6F4AD0085E62B /* FirebaseFirestore in Frameworks */,
				1C2AFA9A2CE6F4AD0085E62B /* FirebaseInstallations in Frameworks */,
				1C2AFA962CE6F4AD0085E62B /* FirebaseFunctionsCombine-Community in Frameworks */,
				1C2AFA822CE6F4AD0085E62B /* FirebaseAppDistribution-Beta in Frameworks */,
				1C2AFA7E2CE6F4AD0085E62B /* FirebaseAnalyticsWithoutAdIdSupport in Frameworks */,
				1C2AFA982CE6F4AD0085E62B /* FirebaseInAppMessaging-Beta in Frameworks */,
				1C2AFA862CE6F4AD0085E62B /* FirebaseAuthCombine-Community in Frameworks */,
				1C2AFA8A2CE6F4AD0085E62B /* FirebaseCrashlytics in Frameworks */,
				1C2AFA882CE6F4AD0085E62B /* FirebaseCore in Frameworks */,
				1C2AFA7C2CE6F4AD0085E62B /* FirebaseAnalyticsOnDeviceConversion in Frameworks */,
			);
			runOnlyForDeploymentPostprocessing = 0;
		};
		1C0DD0202CC313DE00BE79A3 /* Frameworks */ = {
			isa = PBXFrameworksBuildPhase;
			buildActionMask = 2147483647;
			files = (
			);
			runOnlyForDeploymentPostprocessing = 0;
		};
		1C0DD02A2CC313DE00BE79A3 /* Frameworks */ = {
			isa = PBXFrameworksBuildPhase;
			buildActionMask = 2147483647;
			files = (
			);
			runOnlyForDeploymentPostprocessing = 0;
		};
/* End PBXFrameworksBuildPhase section */

/* Begin PBXGroup section */
		1C0DD00A2CC313DC00BE79A3 = {
			isa = PBXGroup;
			children = (
				1C0DD0152CC313DC00BE79A3 /* FlatMate */,
				1C0DD0262CC313DE00BE79A3 /* FlatMateTests */,
				1C0DD0302CC313DE00BE79A3 /* FlatMateUITests */,
				1C0DD0142CC313DC00BE79A3 /* Products */,
			);
			sourceTree = "<group>";
		};
		1C0DD0142CC313DC00BE79A3 /* Products */ = {
			isa = PBXGroup;
			children = (
				1C0DD0132CC313DC00BE79A3 /* FlatMate.app */,
				1C0DD0232CC313DE00BE79A3 /* FlatMateTests.xctest */,
				1C0DD02D2CC313DE00BE79A3 /* FlatMateUITests.xctest */,
			);
			name = Products;
			sourceTree = "<group>";
		};
/* End PBXGroup section */

/* Begin PBXNativeTarget section */
		1C0DD0122CC313DC00BE79A3 /* FlatMate */ = {
			isa = PBXNativeTarget;
			buildConfigurationList = 1C0DD0372CC313DE00BE79A3 /* Build configuration list for PBXNativeTarget "FlatMate" */;
			buildPhases = (
				1C0DD00F2CC313DC00BE79A3 /* Sources */,
				1C0DD0102CC313DC00BE79A3 /* Frameworks */,
				1C0DD0112CC313DC00BE79A3 /* Resources */,
			);
			buildRules = (
			);
			dependencies = (
			);
			fileSystemSynchronizedGroups = (
				1C0DD0152CC313DC00BE79A3 /* FlatMate */,
			);
			name = FlatMate;
			packageProductDependencies = (
				1C2AFA792CE6F4AD0085E62B /* FirebaseAnalytics */,
				1C2AFA7B2CE6F4AD0085E62B /* FirebaseAnalyticsOnDeviceConversion */,
				1C2AFA7D2CE6F4AD0085E62B /* FirebaseAnalyticsWithoutAdIdSupport */,
				1C2AFA7F2CE6F4AD0085E62B /* FirebaseAppCheck */,
				1C2AFA812CE6F4AD0085E62B /* FirebaseAppDistribution-Beta */,
				1C2AFA832CE6F4AD0085E62B /* FirebaseAuth */,
				1C2AFA852CE6F4AD0085E62B /* FirebaseAuthCombine-Community */,
				1C2AFA872CE6F4AD0085E62B /* FirebaseCore */,
				1C2AFA892CE6F4AD0085E62B /* FirebaseCrashlytics */,
				1C2AFA8B2CE6F4AD0085E62B /* FirebaseDatabase */,
				1C2AFA8D2CE6F4AD0085E62B /* FirebaseDynamicLinks */,
				1C2AFA8F2CE6F4AD0085E62B /* FirebaseFirestore */,
				1C2AFA912CE6F4AD0085E62B /* FirebaseFirestoreCombine-Community */,
				1C2AFA932CE6F4AD0085E62B /* FirebaseFunctions */,
				1C2AFA952CE6F4AD0085E62B /* FirebaseFunctionsCombine-Community */,
				1C2AFA972CE6F4AD0085E62B /* FirebaseInAppMessaging-Beta */,
				1C2AFA992CE6F4AD0085E62B /* FirebaseInstallations */,
			);
			productName = FlatMate;
			productReference = 1C0DD0132CC313DC00BE79A3 /* FlatMate.app */;
			productType = "com.apple.product-type.application";
		};
		1C0DD0222CC313DE00BE79A3 /* FlatMateTests */ = {
			isa = PBXNativeTarget;
			buildConfigurationList = 1C0DD03A2CC313DE00BE79A3 /* Build configuration list for PBXNativeTarget "FlatMateTests" */;
			buildPhases = (
				1C0DD01F2CC313DE00BE79A3 /* Sources */,
				1C0DD0202CC313DE00BE79A3 /* Frameworks */,
				1C0DD0212CC313DE00BE79A3 /* Resources */,
			);
			buildRules = (
			);
			dependencies = (
				1C0DD0252CC313DE00BE79A3 /* PBXTargetDependency */,
			);
			fileSystemSynchronizedGroups = (
				1C0DD0262CC313DE00BE79A3 /* FlatMateTests */,
			);
			name = FlatMateTests;
			packageProductDependencies = (
			);
			productName = FlatMateTests;
			productReference = 1C0DD0232CC313DE00BE79A3 /* FlatMateTests.xctest */;
			productType = "com.apple.product-type.bundle.unit-test";
		};
		1C0DD02C2CC313DE00BE79A3 /* FlatMateUITests */ = {
			isa = PBXNativeTarget;
			buildConfigurationList = 1C0DD03D2CC313DE00BE79A3 /* Build configuration list for PBXNativeTarget "FlatMateUITests" */;
			buildPhases = (
				1C0DD0292CC313DE00BE79A3 /* Sources */,
				1C0DD02A2CC313DE00BE79A3 /* Frameworks */,
				1C0DD02B2CC313DE00BE79A3 /* Resources */,
			);
			buildRules = (
			);
			dependencies = (
				1C0DD02F2CC313DE00BE79A3 /* PBXTargetDependency */,
			);
			fileSystemSynchronizedGroups = (
				1C0DD0302CC313DE00BE79A3 /* FlatMateUITests */,
			);
			name = FlatMateUITests;
			packageProductDependencies = (
			);
			productName = FlatMateUITests;
			productReference = 1C0DD02D2CC313DE00BE79A3 /* FlatMateUITests.xctest */;
			productType = "com.apple.product-type.bundle.ui-testing";
		};
/* End PBXNativeTarget section */

/* Begin PBXProject section */
		1C0DD00B2CC313DC00BE79A3 /* Project object */ = {
			isa = PBXProject;
			attributes = {
				BuildIndependentTargetsInParallel = 1;
				LastSwiftUpdateCheck = 1600;
				LastUpgradeCheck = 1600;
				TargetAttributes = {
					1C0DD0122CC313DC00BE79A3 = {
						CreatedOnToolsVersion = 16.0;
					};
					1C0DD0222CC313DE00BE79A3 = {
						CreatedOnToolsVersion = 16.0;
						TestTargetID = 1C0DD0122CC313DC00BE79A3;
					};
					1C0DD02C2CC313DE00BE79A3 = {
						CreatedOnToolsVersion = 16.0;
						TestTargetID = 1C0DD0122CC313DC00BE79A3;
					};
				};
			};
			buildConfigurationList = 1C0DD00E2CC313DC00BE79A3 /* Build configuration list for PBXProject "FlatMate" */;
			developmentRegion = en;
			hasScannedForEncodings = 0;
			knownRegions = (
				en,
				Base,
			);
			mainGroup = 1C0DD00A2CC313DC00BE79A3;
			minimizedProjectReferenceProxies = 1;
			packageReferences = (
				1C2AFA782CE6F4AD0085E62B /* XCRemoteSwiftPackageReference "firebase-ios-sdk" */,
			);
			preferredProjectObjectVersion = 77;
			productRefGroup = 1C0DD0142CC313DC00BE79A3 /* Products */;
			projectDirPath = "";
			projectRoot = "";
			targets = (
				1C0DD0122CC313DC00BE79A3 /* FlatMate */,
				1C0DD0222CC313DE00BE79A3 /* FlatMateTests */,
				1C0DD02C2CC313DE00BE79A3 /* FlatMateUITests */,
			);
		};
/* End PBXProject section */

/* Begin PBXResourcesBuildPhase section */
		1C0DD0112CC313DC00BE79A3 /* Resources */ = {
			isa = PBXResourcesBuildPhase;
			buildActionMask = 2147483647;
			files = (
			);
			runOnlyForDeploymentPostprocessing = 0;
		};
		1C0DD0212CC313DE00BE79A3 /* Resources */ = {
			isa = PBXResourcesBuildPhase;
			buildActionMask = 2147483647;
			files = (
			);
			runOnlyForDeploymentPostprocessing = 0;
		};
		1C0DD02B2CC313DE00BE79A3 /* Resources */ = {
			isa = PBXResourcesBuildPhase;
			buildActionMask = 2147483647;
			files = (
			);
			runOnlyForDeploymentPostprocessing = 0;
		};
/* End PBXResourcesBuildPhase section */

/* Begin PBXSourcesBuildPhase section */
		1C0DD00F2CC313DC00BE79A3 /* Sources */ = {
			isa = PBXSourcesBuildPhase;
			buildActionMask = 2147483647;
			files = (
			);
			runOnlyForDeploymentPostprocessing = 0;
		};
		1C0DD01F2CC313DE00BE79A3 /* Sources */ = {
			isa = PBXSourcesBuildPhase;
			buildActionMask = 2147483647;
			files = (
			);
			runOnlyForDeploymentPostprocessing = 0;
		};
		1C0DD0292CC313DE00BE79A3 /* Sources */ = {
			isa = PBXSourcesBuildPhase;
			buildActionMask = 2147483647;
			files = (
			);
			runOnlyForDeploymentPostprocessing = 0;
		};
/* End PBXSourcesBuildPhase section */

/* Begin PBXTargetDependency section */
		1C0DD0252CC313DE00BE79A3 /* PBXTargetDependency */ = {
			isa = PBXTargetDependency;
			target = 1C0DD0122CC313DC00BE79A3 /* FlatMate */;
			targetProxy = 1C0DD0242CC313DE00BE79A3 /* PBXContainerItemProxy */;
		};
		1C0DD02F2CC313DE00BE79A3 /* PBXTargetDependency */ = {
			isa = PBXTargetDependency;
			target = 1C0DD0122CC313DC00BE79A3 /* FlatMate */;
			targetProxy = 1C0DD02E2CC313DE00BE79A3 /* PBXContainerItemProxy */;
		};
/* End PBXTargetDependency section */

/* Begin XCBuildConfiguration section */
		1C0DD0352CC313DE00BE79A3 /* Debug */ = {
			isa = XCBuildConfiguration;
			buildSettings = {
				ALWAYS_SEARCH_USER_PATHS = NO;
				ASSETCATALOG_COMPILER_GENERATE_SWIFT_ASSET_SYMBOL_EXTENSIONS = YES;
				CLANG_ANALYZER_NONNULL = YES;
				CLANG_ANALYZER_NUMBER_OBJECT_CONVERSION = YES_AGGRESSIVE;
				CLANG_CXX_LANGUAGE_STANDARD = "gnu++20";
				CLANG_ENABLE_MODULES = YES;
				CLANG_ENABLE_OBJC_ARC = YES;
				CLANG_ENABLE_OBJC_WEAK = YES;
				CLANG_WARN_BLOCK_CAPTURE_AUTORELEASING = YES;
				CLANG_WARN_BOOL_CONVERSION = YES;
				CLANG_WARN_COMMA = YES;
				CLANG_WARN_CONSTANT_CONVERSION = YES;
				CLANG_WARN_DEPRECATED_OBJC_IMPLEMENTATIONS = YES;
				CLANG_WARN_DIRECT_OBJC_ISA_USAGE = YES_ERROR;
				CLANG_WARN_DOCUMENTATION_COMMENTS = YES;
				CLANG_WARN_EMPTY_BODY = YES;
				CLANG_WARN_ENUM_CONVERSION = YES;
				CLANG_WARN_INFINITE_RECURSION = YES;
				CLANG_WARN_INT_CONVERSION = YES;
				CLANG_WARN_NON_LITERAL_NULL_CONVERSION = YES;
				CLANG_WARN_OBJC_IMPLICIT_RETAIN_SELF = YES;
				CLANG_WARN_OBJC_LITERAL_CONVERSION = YES;
				CLANG_WARN_OBJC_ROOT_CLASS = YES_ERROR;
				CLANG_WARN_QUOTED_INCLUDE_IN_FRAMEWORK_HEADER = YES;
				CLANG_WARN_RANGE_LOOP_ANALYSIS = YES;
				CLANG_WARN_STRICT_PROTOTYPES = YES;
				CLANG_WARN_SUSPICIOUS_MOVE = YES;
				CLANG_WARN_UNGUARDED_AVAILABILITY = YES_AGGRESSIVE;
				CLANG_WARN_UNREACHABLE_CODE = YES;
				CLANG_WARN__DUPLICATE_METHOD_MATCH = YES;
				COPY_PHASE_STRIP = NO;
				DEBUG_INFORMATION_FORMAT = dwarf;
				ENABLE_STRICT_OBJC_MSGSEND = YES;
				ENABLE_TESTABILITY = YES;
				ENABLE_USER_SCRIPT_SANDBOXING = YES;
				GCC_C_LANGUAGE_STANDARD = gnu17;
				GCC_DYNAMIC_NO_PIC = NO;
				GCC_NO_COMMON_BLOCKS = YES;
				GCC_OPTIMIZATION_LEVEL = 0;
				GCC_PREPROCESSOR_DEFINITIONS = (
					"DEBUG=1",
					"$(inherited)",
				);
				GCC_WARN_64_TO_32_BIT_CONVERSION = YES;
				GCC_WARN_ABOUT_RETURN_TYPE = YES_ERROR;
				GCC_WARN_UNDECLARED_SELECTOR = YES;
				GCC_WARN_UNINITIALIZED_AUTOS = YES_AGGRESSIVE;
				GCC_WARN_UNUSED_FUNCTION = YES;
				GCC_WARN_UNUSED_VARIABLE = YES;
				IPHONEOS_DEPLOYMENT_TARGET = 18.0;
				LOCALIZATION_PREFERS_STRING_CATALOGS = YES;
				MTL_ENABLE_DEBUG_INFO = INCLUDE_SOURCE;
				MTL_FAST_MATH = YES;
				ONLY_ACTIVE_ARCH = YES;
				SDKROOT = iphoneos;
				SWIFT_ACTIVE_COMPILATION_CONDITIONS = "DEBUG $(inherited)";
				SWIFT_OPTIMIZATION_LEVEL = "-Onone";
			};
			name = Debug;
		};
		1C0DD0362CC313DE00BE79A3 /* Release */ = {
			isa = XCBuildConfiguration;
			buildSettings = {
				ALWAYS_SEARCH_USER_PATHS = NO;
				ASSETCATALOG_COMPILER_GENERATE_SWIFT_ASSET_SYMBOL_EXTENSIONS = YES;
				CLANG_ANALYZER_NONNULL = YES;
				CLANG_ANALYZER_NUMBER_OBJECT_CONVERSION = YES_AGGRESSIVE;
				CLANG_CXX_LANGUAGE_STANDARD = "gnu++20";
				CLANG_ENABLE_MODULES = YES;
				CLANG_ENABLE_OBJC_ARC = YES;
				CLANG_ENABLE_OBJC_WEAK = YES;
				CLANG_WARN_BLOCK_CAPTURE_AUTORELEASING = YES;
				CLANG_WARN_BOOL_CONVERSION = YES;
				CLANG_WARN_COMMA = YES;
				CLANG_WARN_CONSTANT_CONVERSION = YES;
				CLANG_WARN_DEPRECATED_OBJC_IMPLEMENTATIONS = YES;
				CLANG_WARN_DIRECT_OBJC_ISA_USAGE = YES_ERROR;
				CLANG_WARN_DOCUMENTATION_COMMENTS = YES;
				CLANG_WARN_EMPTY_BODY = YES;
				CLANG_WARN_ENUM_CONVERSION = YES;
				CLANG_WARN_INFINITE_RECURSION = YES;
				CLANG_WARN_INT_CONVERSION = YES;
				CLANG_WARN_NON_LITERAL_NULL_CONVERSION = YES;
				CLANG_WARN_OBJC_IMPLICIT_RETAIN_SELF = YES;
				CLANG_WARN_OBJC_LITERAL_CONVERSION = YES;
				CLANG_WARN_OBJC_ROOT_CLASS = YES_ERROR;
				CLANG_WARN_QUOTED_INCLUDE_IN_FRAMEWORK_HEADER = YES;
				CLANG_WARN_RANGE_LOOP_ANALYSIS = YES;
				CLANG_WARN_STRICT_PROTOTYPES = YES;
				CLANG_WARN_SUSPICIOUS_MOVE = YES;
				CLANG_WARN_UNGUARDED_AVAILABILITY = YES_AGGRESSIVE;
				CLANG_WARN_UNREACHABLE_CODE = YES;
				CLANG_WARN__DUPLICATE_METHOD_MATCH = YES;
				COPY_PHASE_STRIP = NO;
				DEBUG_INFORMATION_FORMAT = "dwarf-with-dsym";
				ENABLE_NS_ASSERTIONS = NO;
				ENABLE_STRICT_OBJC_MSGSEND = YES;
				ENABLE_USER_SCRIPT_SANDBOXING = YES;
				GCC_C_LANGUAGE_STANDARD = gnu17;
				GCC_NO_COMMON_BLOCKS = YES;
				GCC_WARN_64_TO_32_BIT_CONVERSION = YES;
				GCC_WARN_ABOUT_RETURN_TYPE = YES_ERROR;
				GCC_WARN_UNDECLARED_SELECTOR = YES;
				GCC_WARN_UNINITIALIZED_AUTOS = YES_AGGRESSIVE;
				GCC_WARN_UNUSED_FUNCTION = YES;
				GCC_WARN_UNUSED_VARIABLE = YES;
				IPHONEOS_DEPLOYMENT_TARGET = 18.0;
				LOCALIZATION_PREFERS_STRING_CATALOGS = YES;
				MTL_ENABLE_DEBUG_INFO = NO;
				MTL_FAST_MATH = YES;
				SDKROOT = iphoneos;
				SWIFT_COMPILATION_MODE = wholemodule;
				VALIDATE_PRODUCT = YES;
			};
			name = Release;
		};
		1C0DD0382CC313DE00BE79A3 /* Debug */ = {
			isa = XCBuildConfiguration;
			buildSettings = {
				ASSETCATALOG_COMPILER_APPICON_NAME = AppIcon;
				ASSETCATALOG_COMPILER_GLOBAL_ACCENT_COLOR_NAME = AccentColor;
				CODE_SIGN_IDENTITY = "Apple Development";
				CODE_SIGN_STYLE = Automatic;
				CURRENT_PROJECT_VERSION = 1;
				DEVELOPMENT_ASSET_PATHS = "\"FlatMate/Preview Content\"";
				DEVELOPMENT_TEAM = 334693SL69;
				ENABLE_PREVIEWS = YES;
				GENERATE_INFOPLIST_FILE = YES;
				INFOPLIST_FILE = FlatMate/Info.plist;
				INFOPLIST_KEY_CFBundleDisplayName = FlatMates;
				INFOPLIST_KEY_LSApplicationCategoryType = "public.app-category.lifestyle";
				INFOPLIST_KEY_UIApplicationSceneManifest_Generation = YES;
				INFOPLIST_KEY_UIApplicationSupportsIndirectInputEvents = YES;
				INFOPLIST_KEY_UILaunchScreen_Generation = YES;
				INFOPLIST_KEY_UISupportedInterfaceOrientations_iPad = "UIInterfaceOrientationPortrait UIInterfaceOrientationPortraitUpsideDown UIInterfaceOrientationLandscapeLeft UIInterfaceOrientationLandscapeRight";
				INFOPLIST_KEY_UISupportedInterfaceOrientations_iPhone = "UIInterfaceOrientationPortrait UIInterfaceOrientationLandscapeLeft UIInterfaceOrientationLandscapeRight";
				LD_RUNPATH_SEARCH_PATHS = (
					"$(inherited)",
					"@executable_path/Frameworks",
				);
				MARKETING_VERSION = 1.0;
				PRODUCT_BUNDLE_IDENTIFIER = "Bradley-Li.FlatMates";
				PRODUCT_NAME = "$(TARGET_NAME)";
				PROVISIONING_PROFILE_SPECIFIER = "";
				SWIFT_EMIT_LOC_STRINGS = YES;
				SWIFT_VERSION = 5.0;
				TARGETED_DEVICE_FAMILY = "1,2";
			};
			name = Debug;
		};
		1C0DD0392CC313DE00BE79A3 /* Release */ = {
			isa = XCBuildConfiguration;
			buildSettings = {
				ASSETCATALOG_COMPILER_APPICON_NAME = AppIcon;
				ASSETCATALOG_COMPILER_GLOBAL_ACCENT_COLOR_NAME = AccentColor;
				CODE_SIGN_IDENTITY = "Apple Development";
				CODE_SIGN_STYLE = Automatic;
				CURRENT_PROJECT_VERSION = 1;
				DEVELOPMENT_ASSET_PATHS = "\"FlatMate/Preview Content\"";
				DEVELOPMENT_TEAM = 334693SL69;
				ENABLE_PREVIEWS = YES;
				GENERATE_INFOPLIST_FILE = YES;
				INFOPLIST_FILE = FlatMate/Info.plist;
				INFOPLIST_KEY_CFBundleDisplayName = FlatMates;
				INFOPLIST_KEY_LSApplicationCategoryType = "public.app-category.lifestyle";
				INFOPLIST_KEY_UIApplicationSceneManifest_Generation = YES;
				INFOPLIST_KEY_UIApplicationSupportsIndirectInputEvents = YES;
				INFOPLIST_KEY_UILaunchScreen_Generation = YES;
				INFOPLIST_KEY_UISupportedInterfaceOrientations_iPad = "UIInterfaceOrientationPortrait UIInterfaceOrientationPortraitUpsideDown UIInterfaceOrientationLandscapeLeft UIInterfaceOrientationLandscapeRight";
				INFOPLIST_KEY_UISupportedInterfaceOrientations_iPhone = "UIInterfaceOrientationPortrait UIInterfaceOrientationLandscapeLeft UIInterfaceOrientationLandscapeRight";
				LD_RUNPATH_SEARCH_PATHS = (
					"$(inherited)",
					"@executable_path/Frameworks",
				);
				MARKETING_VERSION = 1.0;
				PRODUCT_BUNDLE_IDENTIFIER = "Bradley-Li.FlatMates";
				PRODUCT_NAME = "$(TARGET_NAME)";
				PROVISIONING_PROFILE_SPECIFIER = "";
				SWIFT_EMIT_LOC_STRINGS = YES;
				SWIFT_VERSION = 5.0;
				TARGETED_DEVICE_FAMILY = "1,2";
			};
			name = Release;
		};
		1C0DD03B2CC313DE00BE79A3 /* Debug */ = {
			isa = XCBuildConfiguration;
			buildSettings = {
				BUNDLE_LOADER = "$(TEST_HOST)";
				CODE_SIGN_STYLE = Automatic;
				CURRENT_PROJECT_VERSION = 1;
				DEVELOPMENT_TEAM = 334693SL69;
				GENERATE_INFOPLIST_FILE = YES;
				IPHONEOS_DEPLOYMENT_TARGET = 18.0;
				MARKETING_VERSION = 1.0;
				PRODUCT_BUNDLE_IDENTIFIER = "Bradley-Li.FlatMateTests";
				PRODUCT_NAME = "$(TARGET_NAME)";
				SWIFT_EMIT_LOC_STRINGS = NO;
				SWIFT_VERSION = 5.0;
				TARGETED_DEVICE_FAMILY = "1,2";
				TEST_HOST = "$(BUILT_PRODUCTS_DIR)/FlatMate.app/$(BUNDLE_EXECUTABLE_FOLDER_PATH)/FlatMate";
			};
			name = Debug;
		};
		1C0DD03C2CC313DE00BE79A3 /* Release */ = {
			isa = XCBuildConfiguration;
			buildSettings = {
				BUNDLE_LOADER = "$(TEST_HOST)";
				CODE_SIGN_STYLE = Automatic;
				CURRENT_PROJECT_VERSION = 1;
				DEVELOPMENT_TEAM = 334693SL69;
				GENERATE_INFOPLIST_FILE = YES;
				IPHONEOS_DEPLOYMENT_TARGET = 18.0;
				MARKETING_VERSION = 1.0;
				PRODUCT_BUNDLE_IDENTIFIER = "Bradley-Li.FlatMateTests";
				PRODUCT_NAME = "$(TARGET_NAME)";
				SWIFT_EMIT_LOC_STRINGS = NO;
				SWIFT_VERSION = 5.0;
				TARGETED_DEVICE_FAMILY = "1,2";
				TEST_HOST = "$(BUILT_PRODUCTS_DIR)/FlatMate.app/$(BUNDLE_EXECUTABLE_FOLDER_PATH)/FlatMate";
			};
			name = Release;
		};
		1C0DD03E2CC313DE00BE79A3 /* Debug */ = {
			isa = XCBuildConfiguration;
			buildSettings = {
				CODE_SIGN_STYLE = Automatic;
				CURRENT_PROJECT_VERSION = 1;
				DEVELOPMENT_TEAM = 334693SL69;
				GENERATE_INFOPLIST_FILE = YES;
				MARKETING_VERSION = 1.0;
				PRODUCT_BUNDLE_IDENTIFIER = "Bradley-Li.FlatMateUITests";
				PRODUCT_NAME = "$(TARGET_NAME)";
				SWIFT_EMIT_LOC_STRINGS = NO;
				SWIFT_VERSION = 5.0;
				TARGETED_DEVICE_FAMILY = "1,2";
				TEST_TARGET_NAME = FlatMate;
			};
			name = Debug;
		};
		1C0DD03F2CC313DE00BE79A3 /* Release */ = {
			isa = XCBuildConfiguration;
			buildSettings = {
				CODE_SIGN_STYLE = Automatic;
				CURRENT_PROJECT_VERSION = 1;
				DEVELOPMENT_TEAM = 334693SL69;
				GENERATE_INFOPLIST_FILE = YES;
				MARKETING_VERSION = 1.0;
				PRODUCT_BUNDLE_IDENTIFIER = "Bradley-Li.FlatMateUITests";
				PRODUCT_NAME = "$(TARGET_NAME)";
				SWIFT_EMIT_LOC_STRINGS = NO;
				SWIFT_VERSION = 5.0;
				TARGETED_DEVICE_FAMILY = "1,2";
				TEST_TARGET_NAME = FlatMate;
			};
			name = Release;
		};
/* End XCBuildConfiguration section */

/* Begin XCConfigurationList section */
		1C0DD00E2CC313DC00BE79A3 /* Build configuration list for PBXProject "FlatMate" */ = {
			isa = XCConfigurationList;
			buildConfigurations = (
				1C0DD0352CC313DE00BE79A3 /* Debug */,
				1C0DD0362CC313DE00BE79A3 /* Release */,
			);
			defaultConfigurationIsVisible = 0;
			defaultConfigurationName = Release;
		};
		1C0DD0372CC313DE00BE79A3 /* Build configuration list for PBXNativeTarget "FlatMate" */ = {
			isa = XCConfigurationList;
			buildConfigurations = (
				1C0DD0382CC313DE00BE79A3 /* Debug */,
				1C0DD0392CC313DE00BE79A3 /* Release */,
			);
			defaultConfigurationIsVisible = 0;
			defaultConfigurationName = Release;
		};
		1C0DD03A2CC313DE00BE79A3 /* Build configuration list for PBXNativeTarget "FlatMateTests" */ = {
			isa = XCConfigurationList;
			buildConfigurations = (
				1C0DD03B2CC313DE00BE79A3 /* Debug */,
				1C0DD03C2CC313DE00BE79A3 /* Release */,
			);
			defaultConfigurationIsVisible = 0;
			defaultConfigurationName = Release;
		};
		1C0DD03D2CC313DE00BE79A3 /* Build configuration list for PBXNativeTarget "FlatMateUITests" */ = {
			isa = XCConfigurationList;
			buildConfigurations = (
				1C0DD03E2CC313DE00BE79A3 /* Debug */,
				1C0DD03F2CC313DE00BE79A3 /* Release */,
			);
			defaultConfigurationIsVisible = 0;
			defaultConfigurationName = Release;
		};
/* End XCConfigurationList section */

/* Begin XCRemoteSwiftPackageReference section */
		1C2AFA782CE6F4AD0085E62B /* XCRemoteSwiftPackageReference "firebase-ios-sdk" */ = {
			isa = XCRemoteSwiftPackageReference;
			repositoryURL = "https://github.com/firebase/firebase-ios-sdk";
			requirement = {
				kind = upToNextMajorVersion;
				minimumVersion = 11.5.0;
			};
		};
/* End XCRemoteSwiftPackageReference section */

/* Begin XCSwiftPackageProductDependency section */
		1C2AFA792CE6F4AD0085E62B /* FirebaseAnalytics */ = {
			isa = XCSwiftPackageProductDependency;
			package = 1C2AFA782CE6F4AD0085E62B /* XCRemoteSwiftPackageReference "firebase-ios-sdk" */;
			productName = FirebaseAnalytics;
		};
		1C2AFA7B2CE6F4AD0085E62B /* FirebaseAnalyticsOnDeviceConversion */ = {
			isa = XCSwiftPackageProductDependency;
			package = 1C2AFA782CE6F4AD0085E62B /* XCRemoteSwiftPackageReference "firebase-ios-sdk" */;
			productName = FirebaseAnalyticsOnDeviceConversion;
		};
		1C2AFA7D2CE6F4AD0085E62B /* FirebaseAnalyticsWithoutAdIdSupport */ = {
			isa = XCSwiftPackageProductDependency;
			package = 1C2AFA782CE6F4AD0085E62B /* XCRemoteSwiftPackageReference "firebase-ios-sdk" */;
			productName = FirebaseAnalyticsWithoutAdIdSupport;
		};
		1C2AFA7F2CE6F4AD0085E62B /* FirebaseAppCheck */ = {
			isa = XCSwiftPackageProductDependency;
			package = 1C2AFA782CE6F4AD0085E62B /* XCRemoteSwiftPackageReference "firebase-ios-sdk" */;
			productName = FirebaseAppCheck;
		};
		1C2AFA812CE6F4AD0085E62B /* FirebaseAppDistribution-Beta */ = {
			isa = XCSwiftPackageProductDependency;
			package = 1C2AFA782CE6F4AD0085E62B /* XCRemoteSwiftPackageReference "firebase-ios-sdk" */;
			productName = "FirebaseAppDistribution-Beta";
		};
		1C2AFA832CE6F4AD0085E62B /* FirebaseAuth */ = {
			isa = XCSwiftPackageProductDependency;
			package = 1C2AFA782CE6F4AD0085E62B /* XCRemoteSwiftPackageReference "firebase-ios-sdk" */;
			productName = FirebaseAuth;
		};
		1C2AFA852CE6F4AD0085E62B /* FirebaseAuthCombine-Community */ = {
			isa = XCSwiftPackageProductDependency;
			package = 1C2AFA782CE6F4AD0085E62B /* XCRemoteSwiftPackageReference "firebase-ios-sdk" */;
			productName = "FirebaseAuthCombine-Community";
		};
		1C2AFA872CE6F4AD0085E62B /* FirebaseCore */ = {
			isa = XCSwiftPackageProductDependency;
			package = 1C2AFA782CE6F4AD0085E62B /* XCRemoteSwiftPackageReference "firebase-ios-sdk" */;
			productName = FirebaseCore;
		};
		1C2AFA892CE6F4AD0085E62B /* FirebaseCrashlytics */ = {
			isa = XCSwiftPackageProductDependency;
			package = 1C2AFA782CE6F4AD0085E62B /* XCRemoteSwiftPackageReference "firebase-ios-sdk" */;
			productName = FirebaseCrashlytics;
		};
		1C2AFA8B2CE6F4AD0085E62B /* FirebaseDatabase */ = {
			isa = XCSwiftPackageProductDependency;
			package = 1C2AFA782CE6F4AD0085E62B /* XCRemoteSwiftPackageReference "firebase-ios-sdk" */;
			productName = FirebaseDatabase;
		};
		1C2AFA8D2CE6F4AD0085E62B /* FirebaseDynamicLinks */ = {
			isa = XCSwiftPackageProductDependency;
			package = 1C2AFA782CE6F4AD0085E62B /* XCRemoteSwiftPackageReference "firebase-ios-sdk" */;
			productName = FirebaseDynamicLinks;
		};
		1C2AFA8F2CE6F4AD0085E62B /* FirebaseFirestore */ = {
			isa = XCSwiftPackageProductDependency;
			package = 1C2AFA782CE6F4AD0085E62B /* XCRemoteSwiftPackageReference "firebase-ios-sdk" */;
			productName = FirebaseFirestore;
		};
		1C2AFA912CE6F4AD0085E62B /* FirebaseFirestoreCombine-Community */ = {
			isa = XCSwiftPackageProductDependency;
			package = 1C2AFA782CE6F4AD0085E62B /* XCRemoteSwiftPackageReference "firebase-ios-sdk" */;
			productName = "FirebaseFirestoreCombine-Community";
		};
		1C2AFA932CE6F4AD0085E62B /* FirebaseFunctions */ = {
			isa = XCSwiftPackageProductDependency;
			package = 1C2AFA782CE6F4AD0085E62B /* XCRemoteSwiftPackageReference "firebase-ios-sdk" */;
			productName = FirebaseFunctions;
		};
		1C2AFA952CE6F4AD0085E62B /* FirebaseFunctionsCombine-Community */ = {
			isa = XCSwiftPackageProductDependency;
			package = 1C2AFA782CE6F4AD0085E62B /* XCRemoteSwiftPackageReference "firebase-ios-sdk" */;
			productName = "FirebaseFunctionsCombine-Community";
		};
		1C2AFA972CE6F4AD0085E62B /* FirebaseInAppMessaging-Beta */ = {
			isa = XCSwiftPackageProductDependency;
			package = 1C2AFA782CE6F4AD0085E62B /* XCRemoteSwiftPackageReference "firebase-ios-sdk" */;
			productName = "FirebaseInAppMessaging-Beta";
		};
		1C2AFA992CE6F4AD0085E62B /* FirebaseInstallations */ = {
			isa = XCSwiftPackageProductDependency;
			package = 1C2AFA782CE6F4AD0085E62B /* XCRemoteSwiftPackageReference "firebase-ios-sdk" */;
			productName = FirebaseInstallations;
		};
/* End XCSwiftPackageProductDependency section */
	};
	rootObject = 1C0DD00B2CC313DC00BE79A3 /* Project object */;
}
